
Microsoft Visual Studio Solution File, Format Version 12.00
# Visual Studio Version 17
VisualStudioVersion = 17.9.34607.119
MinimumVisualStudioVersion = 10.0.40219.1
Project("{FAE04EC0-301F-11D3-BF4B-00C04F79EFBC}") = "Mi primer programa", "Mi primer programa\Mi primer programa.csproj", "{0A01DEDA-C0DD-43B2-AC7C-E8174D743C7D}"
EndProject
Global
	GlobalSection(SolutionConfigurationPlatforms) = preSolution
		Debug|Any CPU = Debug|Any CPU
		Release|Any CPU = Release|Any CPU
	EndGlobalSection
	GlobalSection(ProjectConfigurationPlatforms) = postSolution
		{0A01DEDA-C0DD-43B2-AC7C-E8174D743C7D}.Debug|Any CPU.ActiveCfg = Debug|Any CPU
		{0A01DEDA-C0DD-43B2-AC7C-E8174D743C7D}.Debug|Any CPU.Build.0 = Debug|Any CPU
		{0A01DEDA-C0DD-43B2-AC7C-E8174D743C7D}.Release|Any CPU.ActiveCfg = Release|Any CPU
		{0A01DEDA-C0DD-43B2-AC7C-E8174D743C7D}.Release|Any CPU.Build.0 = Release|Any CPU
	EndGlobalSection
	GlobalSection(SolutionProperties) = preSolution
		HideSolutionNode = FALSE
	EndGlobalSection
	GlobalSection(ExtensibilityGlobals) = postSolution
		SolutionGuid = {FC6E3CF8-71DD-4C05-BB4D-B40CD69583FB}
	EndGlobalSection
EndGlobal
